
Microsoft Visual Studio Solution File, Format Version 12.00
# Visual Studio 14
VisualStudioVersion = 14.0.25420.1
MinimumVisualStudioVersion = 10.0.40219.1
Project("{2150E333-8FDC-42A3-9474-1A3956D46DE8}") = "src", "src", "{9873C183-FE5B-4EA5-9CA0-1FB1ED41C35E}"
EndProject
Project("{2150E333-8FDC-42A3-9474-1A3956D46DE8}") = "Solution Items", "Solution Items", "{F5BDEC04-B86A-4303-AD29-7ECC798859D9}"
	ProjectSection(SolutionItems) = preProject
		global.json = global.json
	EndProjectSection
EndProject
Project("{8BB2217D-0F2D-49D1-97BC-3654ED321F3B}") = "TddEcommerceApp", "src\TddEcommerceApp\TddEcommerceApp.xproj", "{6E4FA435-E161-48A2-81DF-199131AA3717}"
EndProject
Global
	GlobalSection(SolutionConfigurationPlatforms) = preSolution
		Debug|Any CPU = Debug|Any CPU
		Release|Any CPU = Release|Any CPU
	EndGlobalSection
	GlobalSection(ProjectConfigurationPlatforms) = postSolution
		{6E4FA435-E161-48A2-81DF-199131AA3717}.Debug|Any CPU.ActiveCfg = Debug|Any CPU
		{6E4FA435-E161-48A2-81DF-199131AA3717}.Debug|Any CPU.Build.0 = Debug|Any CPU
		{6E4FA435-E161-48A2-81DF-199131AA3717}.Release|Any CPU.ActiveCfg = Release|Any CPU
		{6E4FA435-E161-48A2-81DF-199131AA3717}.Release|Any CPU.Build.0 = Release|Any CPU
	EndGlobalSection
	GlobalSection(SolutionProperties) = preSolution
		HideSolutionNode = FALSE
	EndGlobalSection
	GlobalSection(NestedProjects) = preSolution
		{6E4FA435-E161-48A2-81DF-199131AA3717} = {9873C183-FE5B-4EA5-9CA0-1FB1ED41C35E}
	EndGlobalSection
EndGlobal
